
Microsoft Visual Studio Solution File, Format Version 12.00
# Visual Studio Version 17
VisualStudioVersion = 17.4.33122.133
MinimumVisualStudioVersion = 10.0.40219.1
Project("{FAE04EC0-301F-11D3-BF4B-00C04F79EFBC}") = "perfect (int number)", "perfect (int number).csproj", "{7D88BB9E-1F4E-4D62-A957-C7BB3F70125D}"
EndProject
Global
	GlobalSection(SolutionConfigurationPlatforms) = preSolution
		Debug|Any CPU = Debug|Any CPU
		Release|Any CPU = Release|Any CPU
	EndGlobalSection
	GlobalSection(ProjectConfigurationPlatforms) = postSolution
		{7D88BB9E-1F4E-4D62-A957-C7BB3F70125D}.Debug|Any CPU.ActiveCfg = Debug|Any CPU
		{7D88BB9E-1F4E-4D62-A957-C7BB3F70125D}.Debug|Any CPU.Build.0 = Debug|Any CPU
		{7D88BB9E-1F4E-4D62-A957-C7BB3F70125D}.Release|Any CPU.ActiveCfg = Release|Any CPU
		{7D88BB9E-1F4E-4D62-A957-C7BB3F70125D}.Release|Any CPU.Build.0 = Release|Any CPU
	EndGlobalSection
	GlobalSection(SolutionProperties) = preSolution
		HideSolutionNode = FALSE
	EndGlobalSection
	GlobalSection(ExtensibilityGlobals) = postSolution
		SolutionGuid = {E29A34DE-7695-48C7-93BA-86AC7AA01756}
	EndGlobalSection
EndGlobal
